
Microsoft Visual Studio Solution File, Format Version 12.00
# Visual Studio 14
VisualStudioVersion = 14.0.24720.0
MinimumVisualStudioVersion = 10.0.40219.1
Project("{FAE04EC0-301F-11D3-BF4B-00C04F79EFBC}") = "Log4Me.MemoryWriter", "Source\Log4Me.MemoryWriter.csproj", "{3E0FF64B-247B-423F-9646-BDBFBCDDBE82}"
EndProject
Project("{FAE04EC0-301F-11D3-BF4B-00C04F79EFBC}") = "UnitTestProject1", "UnitTestProject1\UnitTestProject1.csproj", "{14BB8836-CF86-48B0-94A4-2DFE47C87FFA}"
EndProject
Global
	GlobalSection(SolutionConfigurationPlatforms) = preSolution
		Debug|Any CPU = Debug|Any CPU
		Release|Any CPU = Release|Any CPU
	EndGlobalSection
	GlobalSection(ProjectConfigurationPlatforms) = postSolution
		{3E0FF64B-247B-423F-9646-BDBFBCDDBE82}.Debug|Any CPU.ActiveCfg = Debug|Any CPU
		{3E0FF64B-247B-423F-9646-BDBFBCDDBE82}.Debug|Any CPU.Build.0 = Debug|Any CPU
		{3E0FF64B-247B-423F-9646-BDBFBCDDBE82}.Release|Any CPU.ActiveCfg = Release|Any CPU
		{3E0FF64B-247B-423F-9646-BDBFBCDDBE82}.Release|Any CPU.Build.0 = Release|Any CPU
		{14BB8836-CF86-48B0-94A4-2DFE47C87FFA}.Debug|Any CPU.ActiveCfg = Debug|Any CPU
		{14BB8836-CF86-48B0-94A4-2DFE47C87FFA}.Debug|Any CPU.Build.0 = Debug|Any CPU
		{14BB8836-CF86-48B0-94A4-2DFE47C87FFA}.Release|Any CPU.ActiveCfg = Release|Any CPU
		{14BB8836-CF86-48B0-94A4-2DFE47C87FFA}.Release|Any CPU.Build.0 = Release|Any CPU
	EndGlobalSection
	GlobalSection(SolutionProperties) = preSolution
		HideSolutionNode = FALSE
	EndGlobalSection
	GlobalSection(TeamFoundationVersionControl) = preSolution
		SccNumberOfProjects = 3
		SccEnterpriseProvider = {4CA58AB2-18FA-4F8D-95D4-32DDF27D184C}
		SccTeamFoundationServer = http://cangrihack-w10:8080/tfs/ada%20framework
		SccLocalPath0 = .
		SccProjectUniqueName1 = Source\\Log4Me.MemoryWriter.csproj
		SccProjectName1 = Source
		SccLocalPath1 = Source
		SccProjectUniqueName2 = UnitTestProject1\\UnitTestProject1.csproj
		SccProjectName2 = UnitTestProject1
		SccLocalPath2 = UnitTestProject1
	EndGlobalSection
EndGlobal
